PODS:
  - Alamofire (5.4.4)
  - AlamofireNetworkActivityIndicator (3.1.0):
    - Alamofire (~> 5.1)
  - Firebase (4.0.4):
    - Firebase/Core (= 4.0.4)
  - Firebase/Auth (4.0.4):
    - Firebase/Core
    - FirebaseAuth (= 4.0.0)
  - Firebase/Core (4.0.4):
    - FirebaseAnalytics (= 4.0.2)
    - FirebaseCore (= 4.0.4)
  - FirebaseAnalytics (4.0.2):
    - FirebaseCore (~> 4.0)
    - FirebaseInstanceID (~> 2.0)
    - GoogleToolboxForMac/NSData+zlib (~> 2.1)
  - FirebaseAuth (4.0.0):
    - FirebaseAnalytics (~> 4.0)
    - GoogleToolboxForMac/NSDictionary+URLArguments (~> 2.1)
    - GTMSessionFetcher/Core (~> 1.1)
  - FirebaseCore (4.0.4):
    - GoogleToolboxForMac/NSData+zlib (~> 2.1)
    - nanopb (~> 0.3)
  - FirebaseInstanceID (2.0.10):
    - FirebaseCore (~> 4.0)
  - GoogleToolboxForMac/DebugUtils (2.3.2):
    - GoogleToolboxForMac/Defines (= 2.3.2)
  - GoogleToolboxForMac/Defines (2.3.2)
  - GoogleToolboxForMac/NSData+zlib (2.3.2):
    - GoogleToolboxForMac/Defines (= 2.3.2)
  - GoogleToolboxForMac/NSDictionary+URLArguments (2.3.2):
    - GoogleToolboxForMac/DebugUtils (= 2.3.2)
    - GoogleToolboxForMac/Defines (= 2.3.2)
    - GoogleToolboxForMac/NSString+URLArguments (= 2.3.2)
  - GoogleToolboxForMac/NSString+URLArguments (2.3.2)
  - GTMSessionFetcher/Core (1.7.0)
  - MSPeekCollectionViewDelegateImplementation (3.2.0)
  - nanopb (0.3.9011):
    - nanopb/decode (= 0.3.9011)
    - nanopb/encode (= 0.3.9011)
  - nanopb/decode (0.3.9011)
  - nanopb/encode (0.3.9011)
  - SnapKit (5.0.1)
  - XLPagerTabStrip (9.0.0)

DEPENDENCIES:
  - Alamofire
  - AlamofireNetworkActivityIndicator
  - Firebase (~> 4.0.0)
  - Firebase/Auth (~> 4.0.0)
  - MSPeekCollectionViewDelegateImplementation
  - SnapKit
  - XLPagerTabStrip (~> 9.0)

SPEC CHECKSUMS:
  Alamofire: f3b09a368f1582ab751b3fff5460276e0d2cf5c9
  AlamofireNetworkActivityIndicator: 6564782bd7b9e6c430ae67d9277af01907b01ca4
  Firebase: 1492bf04e1b73a7353b4fb2cf5a20bac9692f341
  FirebaseAnalytics: ad41720e3e67fc63fbe3d2948d3e26932a8de311
  FirebaseAuth: ebb6abcbabae00fc47446d690c19ce68d8484fde
  FirebaseCore: cfc042628ef9f20debe09c0eb683135fcd404cb4
  FirebaseInstanceID: 8d20d890d65c917f9f7d9950b6e10a760ad34321
  GoogleToolboxForMac: 8bef7c7c5cf7291c687cf5354f39f9db6399ad34
  GTMSessionFetcher: 43748f93435c2aa068b1cbe39655aaf600652e91
  MSPeekCollectionViewDelegateImplementation: be35a217bd302976a9e4476151be992c1f150127
  nanopb: 18003b5e52dab79db540fe93fe9579f399bd1ccd
  SnapKit: 97b92857e3df3a0c71833cce143274bf6ef8e5eb
  XLPagerTabStrip: 61c57fd61f611ee5f01ff1495ad6fbee8bf496c5

PODFILE CHECKSUM: 6514697e5aac87f2d0a65281a016d414c98e8fc6

COCOAPODS: 1.4.0
